// !$*UTF8*$!
{
	archiveVersion = 1;
	classes = {
	};
	objectVersion = 56;
	objects = {

/* Begin PBXBuildFile section */
		B89250D12ACE3CBD0061D5EC /* wired-lineal-35-edit.json in Resources */ = {isa = PBXBuildFile; fileRef = B89250C72ACE3CBD0061D5EC /* wired-lineal-35-edit.json */; };
		B89250D42ACE3CBD0061D5EC /* wired-lineal-27-globe.json in Resources */ = {isa = PBXBuildFile; fileRef = B89250C82ACE3CBD0061D5EC /* wired-lineal-27-globe.json */; };
		B89250D62ACE3CBD0061D5EC /* wired-lineal-146-basket-trolley-shopping-card.json in Resources */ = {isa = PBXBuildFile; fileRef = B89250C92ACE3CBD0061D5EC /* wired-lineal-146-basket-trolley-shopping-card.json */; };
		B89250D72ACE3CBD0061D5EC /* wired-lineal-2030-frysztak-town.json in Resources */ = {isa = PBXBuildFile; fileRef = B89250CA2ACE3CBD0061D5EC /* wired-lineal-2030-frysztak-town.json */; };
		B89250DA2ACE3CBD0061D5EC /* wired-lineal-1122-thumb-down.json in Resources */ = {isa = PBXBuildFile; fileRef = B89250CB2ACE3CBD0061D5EC /* wired-lineal-1122-thumb-down.json */; };
		B8FB4A9A2ACE31C6007240C8 /* AppDelegate.swift in Sources */ = {isa = PBXBuildFile; fileRef = B8FB4A992ACE31C6007240C8 /* AppDelegate.swift */; };
		B8FB4A9C2ACE31C6007240C8 /* SceneDelegate.swift in Sources */ = {isa = PBXBuildFile; fileRef = B8FB4A9B2ACE31C6007240C8 /* SceneDelegate.swift */; };
		B8FB4A9E2ACE31C6007240C8 /* ViewController.swift in Sources */ = {isa = PBXBuildFile; fileRef = B8FB4A9D2ACE31C6007240C8 /* ViewController.swift */; };
		B8FB4AA12ACE31C6007240C8 /* Main.storyboard in Resources */ = {isa = PBXBuildFile; fileRef = B8FB4A9F2ACE31C6007240C8 /* Main.storyboard */; };
		B8FB4AA32ACE31C7007240C8 /* Assets.xcassets in Resources */ = {isa = PBXBuildFile; fileRef = B8FB4AA22ACE31C7007240C8 /* Assets.xcassets */; };
		B8FB4AA62ACE31C7007240C8 /* LaunchScreen.storyboard in Resources */ = {isa = PBXBuildFile; fileRef = B8FB4AA42ACE31C7007240C8 /* LaunchScreen.storyboard */; };
		F0DA7908971C99C09A230AC1 /* Pods_AplicationC.framework in Frameworks */ = {isa = PBXBuildFile; fileRef = 9FE6F1ACD2A63E2E9D7BCE85 /* Pods_AplicationC.framework */; };
/* End PBXBuildFile section */

/* Begin PBXFileReference section */
		9FE6F1ACD2A63E2E9D7BCE85 /* Pods_AplicationC.framework */ = {isa = PBXFileReference; explicitFileType = wrapper.framework; includeInIndex = 0; path = Pods_AplicationC.framework; sourceTree = BUILT_PRODUCTS_DIR; };
		B89250C72ACE3CBD0061D5EC /* wired-lineal-35-edit.json */ = {isa = PBXFileReference; fileEncoding = 4; lastKnownFileType = text.json; path = "wired-lineal-35-edit.json"; sourceTree = "<group>"; };
		B89250C82ACE3CBD0061D5EC /* wired-lineal-27-globe.json */ = {isa = PBXFileReference; fileEncoding = 4; lastKnownFileType = text.json; path = "wired-lineal-27-globe.json"; sourceTree = "<group>"; };
		B89250C92ACE3CBD0061D5EC /* wired-lineal-146-basket-trolley-shopping-card.json */ = {isa = PBXFileReference; fileEncoding = 4; lastKnownFileType = text.json; path = "wired-lineal-146-basket-trolley-shopping-card.json"; sourceTree = "<group>"; };
		B89250CA2ACE3CBD0061D5EC /* wired-lineal-2030-frysztak-town.json */ = {isa = PBXFileReference; fileEncoding = 4; lastKnownFileType = text.json; path = "wired-lineal-2030-frysztak-town.json"; sourceTree = "<group>"; };
		B89250CB2ACE3CBD0061D5EC /* wired-lineal-1122-thumb-down.json */ = {isa = PBXFileReference; fileEncoding = 4; lastKnownFileType = text.json; path = "wired-lineal-1122-thumb-down.json"; sourceTree = "<group>"; };
		B89250DE2ACE623B0061D5EC /* UIButton.swift */ = {isa = PBXFileReference; lastKnownFileType = sourcecode.swift; path = UIButton.swift; sourceTree = "<group>"; };
		B8FB4A962ACE31C6007240C8 /* AplicationC.app */ = {isa = PBXFileReference; explicitFileType = wrapper.application; includeInIndex = 0; path = AplicationC.app; sourceTree = BUILT_PRODUCTS_DIR; };
		B8FB4A992ACE31C6007240C8 /* AppDelegate.swift */ = {isa = PBXFileReference; lastKnownFileType = sourcecode.swift; path = AppDelegate.swift; sourceTree = "<group>"; };
		B8FB4A9B2ACE31C6007240C8 /* SceneDelegate.swift */ = {isa = PBXFileReference; lastKnownFileType = sourcecode.swift; path = SceneDelegate.swift; sourceTree = "<group>"; };
		B8FB4A9D2ACE31C6007240C8 /* ViewController.swift */ = {isa = PBXFileReference; lastKnownFileType = sourcecode.swift; path = ViewController.swift; sourceTree = "<group>"; };
		B8FB4AA02ACE31C6007240C8 /* Base */ = {isa = PBXFileReference; lastKnownFileType = file.storyboard; name = Base; path = Base.lproj/Main.storyboard; sourceTree = "<group>"; };
		B8FB4AA22ACE31C7007240C8 /* Assets.xcassets */ = {isa = PBXFileReference; lastKnownFileType = folder.assetcatalog; path = Assets.xcassets; sourceTree = "<group>"; };
		B8FB4AA52ACE31C7007240C8 /* Base */ = {isa = PBXFileReference; lastKnownFileType = file.storyboard; name = Base; path = Base.lproj/LaunchScreen.storyboard; sourceTree = "<group>"; };
		B8FB4AA72ACE31C7007240C8 /* Info.plist */ = {isa = PBXFileReference; lastKnownFileType = text.plist.xml; path = Info.plist; sourceTree = "<group>"; };
		D3C20AFC55D1CA3BC35EE780 /* Pods-AplicationC.debug.xcconfig */ = {isa = PBXFileReference; includeInIndex = 1; lastKnownFileType = text.xcconfig; name = "Pods-AplicationC.debug.xcconfig"; path = "Target Support Files/Pods-AplicationC/Pods-AplicationC.debug.xcconfig"; sourceTree = "<group>"; };
		EDF7C993088D6369F5463469 /* Pods-AplicationC.release.xcconfig */ = {isa = PBXFileReference; includeInIndex = 1; lastKnownFileType = text.xcconfig; name = "Pods-AplicationC.release.xcconfig"; path = "Target Support Files/Pods-AplicationC/Pods-AplicationC.release.xcconfig"; sourceTree = "<group>"; };
/* End PBXFileReference section */

/* Begin PBXFrameworksBuildPhase section */
		B8FB4A932ACE31C6007240C8 /* Frameworks */ = {
			isa = PBXFrameworksBuildPhase;
			buildActionMask = 2147483647;
			files = (
				F0DA7908971C99C09A230AC1 /* Pods_AplicationC.framework in Frameworks */,
			);
			runOnlyForDeploymentPostprocessing = 0;
		};
/* End PBXFrameworksBuildPhase section */

/* Begin PBXGroup section */
		485965ECCD56CDB5BCFC052D /* Pods */ = {
			isa = PBXGroup;
			children = (
				D3C20AFC55D1CA3BC35EE780 /* Pods-AplicationC.debug.xcconfig */,
				EDF7C993088D6369F5463469 /* Pods-AplicationC.release.xcconfig */,
			);
			path = Pods;
			sourceTree = "<group>";
		};
		825B2AADB299A95A668005BF /* Frameworks */ = {
			isa = PBXGroup;
			children = (
				9FE6F1ACD2A63E2E9D7BCE85 /* Pods_AplicationC.framework */,
			);
			name = Frameworks;
			sourceTree = "<group>";
		};
		B89250C62ACE3CBD0061D5EC /* Pics */ = {
			isa = PBXGroup;
			children = (
				B89250C72ACE3CBD0061D5EC /* wired-lineal-35-edit.json */,
				B89250C82ACE3CBD0061D5EC /* wired-lineal-27-globe.json */,
				B89250C92ACE3CBD0061D5EC /* wired-lineal-146-basket-trolley-shopping-card.json */,
				B89250CA2ACE3CBD0061D5EC /* wired-lineal-2030-frysztak-town.json */,
				B89250CB2ACE3CBD0061D5EC /* wired-lineal-1122-thumb-down.json */,
			);
			path = Pics;
			sourceTree = SOURCE_ROOT;
		};
		B89250DB2ACE621F0061D5EC /* Extension */ = {
			isa = PBXGroup;
			children = (
				B89250DE2ACE623B0061D5EC /* UIButton.swift */,
			);
			path = Extension;
			sourceTree = "<group>";
		};
		B8FB4A8D2ACE31C6007240C8 = {
			isa = PBXGroup;
			children = (
				B8FB4A982ACE31C6007240C8 /* AplicationC */,
				B8FB4A972ACE31C6007240C8 /* Products */,
				485965ECCD56CDB5BCFC052D /* Pods */,
				825B2AADB299A95A668005BF /* Frameworks */,
			);
			sourceTree = "<group>";
		};
		B8FB4A972ACE31C6007240C8 /* Products */ = {
			isa = PBXGroup;
			children = (
				B8FB4A962ACE31C6007240C8 /* AplicationC.app */,
			);
			name = Products;
			sourceTree = "<group>";
		};
		B8FB4A982ACE31C6007240C8 /* AplicationC */ = {
			isa = PBXGroup;
			children = (
				B89250DB2ACE621F0061D5EC /* Extension */,
				B8FB4A9D2ACE31C6007240C8 /* ViewController.swift */,
				B8FB4AAE2ACE3213007240C8 /* Views */,
				B89250C62ACE3CBD0061D5EC /* Pics */,
				B8FB4AA22ACE31C7007240C8 /* Assets.xcassets */,
				B8FB4AA72ACE31C7007240C8 /* Info.plist */,
				B8FB4AAD2ACE31E2007240C8 /* Apps */,
			);
			path = AplicationC;
			sourceTree = "<group>";
		};
		B8FB4AAD2ACE31E2007240C8 /* Apps */ = {
			isa = PBXGroup;
			children = (
				B8FB4A992ACE31C6007240C8 /* AppDelegate.swift */,
				B8FB4A9B2ACE31C6007240C8 /* SceneDelegate.swift */,
			);
			path = Apps;
			sourceTree = "<group>";
		};
		B8FB4AAE2ACE3213007240C8 /* Views */ = {
			isa = PBXGroup;
			children = (
				B8FB4A9F2ACE31C6007240C8 /* Main.storyboard */,
				B8FB4AA42ACE31C7007240C8 /* LaunchScreen.storyboard */,
			);
			path = Views;
			sourceTree = "<group>";
		};
/* End PBXGroup section */

/* Begin PBXNativeTarget section */
		B8FB4A952ACE31C6007240C8 /* AplicationC */ = {
			isa = PBXNativeTarget;
			buildConfigurationList = B8FB4AAA2ACE31C7007240C8 /* Build configuration list for PBXNativeTarget "AplicationC" */;
			buildPhases = (
				D70478805F78E70EB3385D7E /* [CP] Check Pods Manifest.lock */,
				B8FB4A922ACE31C6007240C8 /* Sources */,
				B8FB4A932ACE31C6007240C8 /* Frameworks */,
				B8FB4A942ACE31C6007240C8 /* Resources */,
				EC0DF7E44874E71B365947C2 /* [CP] Embed Pods Frameworks */,
			);
			buildRules = (
			);
			dependencies = (
			);
			name = AplicationC;
			productName = AplicationC;
			productReference = B8FB4A962ACE31C6007240C8 /* AplicationC.app */;
			productType = "com.apple.product-type.application";
		};
/* End PBXNativeTarget section */

/* Begin PBXProject section */
		B8FB4A8E2ACE31C6007240C8 /* Project object */ = {
			isa = PBXProject;
			attributes = {
				BuildIndependentTargetsInParallel = 1;
				LastSwiftUpdateCheck = 1500;
				LastUpgradeCheck = 1500;
				TargetAttributes = {
					B8FB4A952ACE31C6007240C8 = {
						CreatedOnToolsVersion = 15.0;
					};
				};
			};
			buildConfigurationList = B8FB4A912ACE31C6007240C8 /* Build configuration list for PBXProject "AplicationC" */;
			compatibilityVersion = "Xcode 14.0";
			developmentRegion = en;
			hasScannedForEncodings = 0;
			knownRegions = (
				en,
				Base,
			);
			mainGroup = B8FB4A8D2ACE31C6007240C8;
			productRefGroup = B8FB4A972ACE31C6007240C8 /* Products */;
			projectDirPath = "";
			projectRoot = "";
			targets = (
				B8FB4A952ACE31C6007240C8 /* AplicationC */,
			);
		};
/* End PBXProject section */

/* Begin PBXResourcesBuildPhase section */
		B8FB4A942ACE31C6007240C8 /* Resources */ = {
			isa = PBXResourcesBuildPhase;
			buildActionMask = 2147483647;
			files = (
				B89250D42ACE3CBD0061D5EC /* wired-lineal-27-globe.json in Resources */,
				B8FB4AA62ACE31C7007240C8 /* LaunchScreen.storyboard in Resources */,
				B89250D62ACE3CBD0061D5EC /* wired-lineal-146-basket-trolley-shopping-card.json in Resources */,
				B89250DA2ACE3CBD0061D5EC /* wired-lineal-1122-thumb-down.json in Resources */,
				B8FB4AA32ACE31C7007240C8 /* Assets.xcassets in Resources */,
				B89250D12ACE3CBD0061D5EC /* wired-lineal-35-edit.json in Resources */,
				B89250D72ACE3CBD0061D5EC /* wired-lineal-2030-frysztak-town.json in Resources */,
				B8FB4AA12ACE31C6007240C8 /* Main.storyboard in Resources */,
			);
			runOnlyForDeploymentPostprocessing = 0;
		};
/* End PBXResourcesBuildPhase section */

/* Begin PBXShellScriptBuildPhase section */
		D70478805F78E70EB3385D7E /* [CP] Check Pods Manifest.lock */ = {
			isa = PBXShellScriptBuildPhase;
			buildActionMask = 2147483647;
			files = (
			);
			inputFileListPaths = (
			);
			inputPaths = (
				"${PODS_PODFILE_DIR_PATH}/Podfile.lock",
				"${PODS_ROOT}/Manifest.lock",
			);
			name = "[CP] Check Pods Manifest.lock";
			outputFileListPaths = (
			);
			outputPaths = (
				"$(DERIVED_FILE_DIR)/Pods-AplicationC-checkManifestLockResult.txt",
			);
			runOnlyForDeploymentPostprocessing = 0;
			shellPath = /bin/sh;
			shellScript = "diff \"${PODS_PODFILE_DIR_PATH}/Podfile.lock\" \"${PODS_ROOT}/Manifest.lock\" > /dev/null\nif [ $? != 0 ] ; then\n    # print error to STDERR\n    echo \"error: The sandbox is not in sync with the Podfile.lock. Run 'pod install' or update your CocoaPods installation.\" >&2\n    exit 1\nfi\n# This output is used by Xcode 'outputs' to avoid re-running this script phase.\necho \"SUCCESS\" > \"${SCRIPT_OUTPUT_FILE_0}\"\n";
			showEnvVarsInLog = 0;
		};
		EC0DF7E44874E71B365947C2 /* [CP] Embed Pods Frameworks */ = {
			isa = PBXShellScriptBuildPhase;
			buildActionMask = 2147483647;
			files = (
			);
			inputFileListPaths = (
				"${PODS_ROOT}/Target Support Files/Pods-AplicationC/Pods-AplicationC-frameworks-${CONFIGURATION}-input-files.xcfilelist",
			);
			name = "[CP] Embed Pods Frameworks";
			outputFileListPaths = (
				"${PODS_ROOT}/Target Support Files/Pods-AplicationC/Pods-AplicationC-frameworks-${CONFIGURATION}-output-files.xcfilelist",
			);
			runOnlyForDeploymentPostprocessing = 0;
			shellPath = /bin/sh;
			shellScript = "\"${PODS_ROOT}/Target Support Files/Pods-AplicationC/Pods-AplicationC-frameworks.sh\"\n";
			showEnvVarsInLog = 0;
		};
/* End PBXShellScriptBuildPhase section */

/* Begin PBXSourcesBuildPhase section */
		B8FB4A922ACE31C6007240C8 /* Sources */ = {
			isa = PBXSourcesBuildPhase;
			buildActionMask = 2147483647;
			files = (
				B8FB4A9E2ACE31C6007240C8 /* ViewController.swift in Sources */,
				B8FB4A9A2ACE31C6007240C8 /* AppDelegate.swift in Sources */,
				B8FB4A9C2ACE31C6007240C8 /* SceneDelegate.swift in Sources */,
			);
			runOnlyForDeploymentPostprocessing = 0;
		};
/* End PBXSourcesBuildPhase section */

/* Begin PBXVariantGroup section */
		B8FB4A9F2ACE31C6007240C8 /* Main.storyboard */ = {
			isa = PBXVariantGroup;
			children = (
				B8FB4AA02ACE31C6007240C8 /* Base */,
			);
			name = Main.storyboard;
			sourceTree = "<group>";
		};
		B8FB4AA42ACE31C7007240C8 /* LaunchScreen.storyboard */ = {
			isa = PBXVariantGroup;
			children = (
				B8FB4AA52ACE31C7007240C8 /* Base */,
			);
			name = LaunchScreen.storyboard;
			sourceTree = "<group>";
		};
/* End PBXVariantGroup section */

/* Begin XCBuildConfiguration section */
		B8FB4AA82ACE31C7007240C8 /* Debug */ = {
			isa = XCBuildConfiguration;
			buildSettings = {
				ALWAYS_SEARCH_USER_PATHS = NO;
				ASSETCATALOG_COMPILER_GENERATE_SWIFT_ASSET_SYMBOL_EXTENSIONS = YES;
				CLANG_ANALYZER_NONNULL = YES;
				CLANG_ANALYZER_NUMBER_OBJECT_CONVERSION = YES_AGGRESSIVE;
				CLANG_CXX_LANGUAGE_STANDARD = "gnu++20";
				CLANG_ENABLE_MODULES = YES;
				CLANG_ENABLE_OBJC_ARC = YES;
				CLANG_ENABLE_OBJC_WEAK = YES;
				CLANG_WARN_BLOCK_CAPTURE_AUTORELEASING = YES;
				CLANG_WARN_BOOL_CONVERSION = YES;
				CLANG_WARN_COMMA = YES;
				CLANG_WARN_CONSTANT_CONVERSION = YES;
				CLANG_WARN_DEPRECATED_OBJC_IMPLEMENTATIONS = YES;
				CLANG_WARN_DIRECT_OBJC_ISA_USAGE = YES_ERROR;
				CLANG_WARN_DOCUMENTATION_COMMENTS = YES;
				CLANG_WARN_EMPTY_BODY = YES;
				CLANG_WARN_ENUM_CONVERSION = YES;
				CLANG_WARN_INFINITE_RECURSION = YES;
				CLANG_WARN_INT_CONVERSION = YES;
				CLANG_WARN_NON_LITERAL_NULL_CONVERSION = YES;
				CLANG_WARN_OBJC_IMPLICIT_RETAIN_SELF = YES;
				CLANG_WARN_OBJC_LITERAL_CONVERSION = YES;
				CLANG_WARN_OBJC_ROOT_CLASS = YES_ERROR;
				CLANG_WARN_QUOTED_INCLUDE_IN_FRAMEWORK_HEADER = YES;
				CLANG_WARN_RANGE_LOOP_ANALYSIS = YES;
				CLANG_WARN_STRICT_PROTOTYPES = YES;
				CLANG_WARN_SUSPICIOUS_MOVE = YES;
				CLANG_WARN_UNGUARDED_AVAILABILITY = YES_AGGRESSIVE;
				CLANG_WARN_UNREACHABLE_CODE = YES;
				CLANG_WARN__DUPLICATE_METHOD_MATCH = YES;
				COPY_PHASE_STRIP = NO;
				DEBUG_INFORMATION_FORMAT = dwarf;
				ENABLE_STRICT_OBJC_MSGSEND = YES;
				ENABLE_TESTABILITY = YES;
				ENABLE_USER_SCRIPT_SANDBOXING = YES;
				GCC_C_LANGUAGE_STANDARD = gnu17;
				GCC_DYNAMIC_NO_PIC = NO;
				GCC_NO_COMMON_BLOCKS = YES;
				GCC_OPTIMIZATION_LEVEL = 0;
				GCC_PREPROCESSOR_DEFINITIONS = (
					"DEBUG=1",
					"$(inherited)",
				);
				GCC_WARN_64_TO_32_BIT_CONVERSION = YES;
				GCC_WARN_ABOUT_RETURN_TYPE = YES_ERROR;
				GCC_WARN_UNDECLARED_SELECTOR = YES;
				GCC_WARN_UNINITIALIZED_AUTOS = YES_AGGRESSIVE;
				GCC_WARN_UNUSED_FUNCTION = YES;
				GCC_WARN_UNUSED_VARIABLE = YES;
				IPHONEOS_DEPLOYMENT_TARGET = 17.0;
				LOCALIZATION_PREFERS_STRING_CATALOGS = YES;
				MTL_ENABLE_DEBUG_INFO = INCLUDE_SOURCE;
				MTL_FAST_MATH = YES;
				ONLY_ACTIVE_ARCH = YES;
				SDKROOT = iphoneos;
				SWIFT_ACTIVE_COMPILATION_CONDITIONS = "DEBUG $(inherited)";
				SWIFT_OPTIMIZATION_LEVEL = "-Onone";
			};
			name = Debug;
		};
		B8FB4AA92ACE31C7007240C8 /* Release */ = {
			isa = XCBuildConfiguration;
			buildSettings = {
				ALWAYS_SEARCH_USER_PATHS = NO;
				ASSETCATALOG_COMPILER_GENERATE_SWIFT_ASSET_SYMBOL_EXTENSIONS = YES;
				CLANG_ANALYZER_NONNULL = YES;
				CLANG_ANALYZER_NUMBER_OBJECT_CONVERSION = YES_AGGRESSIVE;
				CLANG_CXX_LANGUAGE_STANDARD = "gnu++20";
				CLANG_ENABLE_MODULES = YES;
				CLANG_ENABLE_OBJC_ARC = YES;
				CLANG_ENABLE_OBJC_WEAK = YES;
				CLANG_WARN_BLOCK_CAPTURE_AUTORELEASING = YES;
				CLANG_WARN_BOOL_CONVERSION = YES;
				CLANG_WARN_COMMA = YES;
				CLANG_WARN_CONSTANT_CONVERSION = YES;
				CLANG_WARN_DEPRECATED_OBJC_IMPLEMENTATIONS = YES;
				CLANG_WARN_DIRECT_OBJC_ISA_USAGE = YES_ERROR;
				CLANG_WARN_DOCUMENTATION_COMMENTS = YES;
				CLANG_WARN_EMPTY_BODY = YES;
				CLANG_WARN_ENUM_CONVERSION = YES;
				CLANG_WARN_INFINITE_RECURSION = YES;
				CLANG_WARN_INT_CONVERSION = YES;
				CLANG_WARN_NON_LITERAL_NULL_CONVERSION = YES;
				CLANG_WARN_OBJC_IMPLICIT_RETAIN_SELF = YES;
				CLANG_WARN_OBJC_LITERAL_CONVERSION = YES;
				CLANG_WARN_OBJC_ROOT_CLASS = YES_ERROR;
				CLANG_WARN_QUOTED_INCLUDE_IN_FRAMEWORK_HEADER = YES;
				CLANG_WARN_RANGE_LOOP_ANALYSIS = YES;
				CLANG_WARN_STRICT_PROTOTYPES = YES;
				CLANG_WARN_SUSPICIOUS_MOVE = YES;
				CLANG_WARN_UNGUARDED_AVAILABILITY = YES_AGGRESSIVE;
				CLANG_WARN_UNREACHABLE_CODE = YES;
				CLANG_WARN__DUPLICATE_METHOD_MATCH = YES;
				COPY_PHASE_STRIP = NO;
				DEBUG_INFORMATION_FORMAT = "dwarf-with-dsym";
				ENABLE_NS_ASSERTIONS = NO;
				ENABLE_STRICT_OBJC_MSGSEND = YES;
				ENABLE_USER_SCRIPT_SANDBOXING = YES;
				GCC_C_LANGUAGE_STANDARD = gnu17;
				GCC_NO_COMMON_BLOCKS = YES;
				GCC_WARN_64_TO_32_BIT_CONVERSION = YES;
				GCC_WARN_ABOUT_RETURN_TYPE = YES_ERROR;
				GCC_WARN_UNDECLARED_SELECTOR = YES;
				GCC_WARN_UNINITIALIZED_AUTOS = YES_AGGRESSIVE;
				GCC_WARN_UNUSED_FUNCTION = YES;
				GCC_WARN_UNUSED_VARIABLE = YES;
				IPHONEOS_DEPLOYMENT_TARGET = 17.0;
				LOCALIZATION_PREFERS_STRING_CATALOGS = YES;
				MTL_ENABLE_DEBUG_INFO = NO;
				MTL_FAST_MATH = YES;
				SDKROOT = iphoneos;
				SWIFT_COMPILATION_MODE = wholemodule;
				VALIDATE_PRODUCT = YES;
			};
			name = Release;
		};
		B8FB4AAB2ACE31C7007240C8 /* Debug */ = {
			isa = XCBuildConfiguration;
			baseConfigurationReference = D3C20AFC55D1CA3BC35EE780 /* Pods-AplicationC.debug.xcconfig */;
			buildSettings = {
				ASSETCATALOG_COMPILER_APPICON_NAME = AppIcon;
				ASSETCATALOG_COMPILER_GLOBAL_ACCENT_COLOR_NAME = AccentColor;
				CODE_SIGN_STYLE = Automatic;
				CURRENT_PROJECT_VERSION = 1;
				DEVELOPMENT_TEAM = 88QZAZUV46;
				ENABLE_USER_SCRIPT_SANDBOXING = NO;
				GENERATE_INFOPLIST_FILE = YES;
				INFOPLIST_FILE = AplicationC/Info.plist;
				INFOPLIST_KEY_UIApplicationSupportsIndirectInputEvents = YES;
				INFOPLIST_KEY_UILaunchStoryboardName = LaunchScreen;
				INFOPLIST_KEY_UIMainStoryboardFile = Main;
				INFOPLIST_KEY_UISupportedInterfaceOrientations_iPad = "UIInterfaceOrientationPortrait UIInterfaceOrientationPortraitUpsideDown UIInterfaceOrientationLandscapeLeft UIInterfaceOrientationLandscapeRight";
				INFOPLIST_KEY_UISupportedInterfaceOrientations_iPhone = "UIInterfaceOrientationPortrait UIInterfaceOrientationLandscapeLeft UIInterfaceOrientationLandscapeRight";
				LD_RUNPATH_SEARCH_PATHS = (
					"$(inherited)",
					"@executable_path/Frameworks",
				);
				MARKETING_VERSION = 1.0;
				PRODUCT_BUNDLE_IDENTIFIER = com.stiversmith.AplicationC;
				PRODUCT_NAME = "$(TARGET_NAME)";
				SWIFT_EMIT_LOC_STRINGS = YES;
				SWIFT_VERSION = 5.0;
				TARGETED_DEVICE_FAMILY = "1,2";
			};
			name = Debug;
		};
		B8FB4AAC2ACE31C7007240C8 /* Release */ = {
			isa = XCBuildConfiguration;
			baseConfigurationReference = EDF7C993088D6369F5463469 /* Pods-AplicationC.release.xcconfig */;
			buildSettings = {
				ASSETCATALOG_COMPILER_APPICON_NAME = AppIcon;
				ASSETCATALOG_COMPILER_GLOBAL_ACCENT_COLOR_NAME = AccentColor;
				CODE_SIGN_STYLE = Automatic;
				CURRENT_PROJECT_VERSION = 1;
				DEVELOPMENT_TEAM = 88QZAZUV46;
				ENABLE_USER_SCRIPT_SANDBOXING = NO;
				GENERATE_INFOPLIST_FILE = YES;
				INFOPLIST_FILE = AplicationC/Info.plist;
				INFOPLIST_KEY_UIApplicationSupportsIndirectInputEvents = YES;
				INFOPLIST_KEY_UILaunchStoryboardName = LaunchScreen;
				INFOPLIST_KEY_UIMainStoryboardFile = Main;
				INFOPLIST_KEY_UISupportedInterfaceOrientations_iPad = "UIInterfaceOrientationPortrait UIInterfaceOrientationPortraitUpsideDown UIInterfaceOrientationLandscapeLeft UIInterfaceOrientationLandscapeRight";
				INFOPLIST_KEY_UISupportedInterfaceOrientations_iPhone = "UIInterfaceOrientationPortrait UIInterfaceOrientationLandscapeLeft UIInterfaceOrientationLandscapeRight";
				LD_RUNPATH_SEARCH_PATHS = (
					"$(inherited)",
					"@executable_path/Frameworks",
				);
				MARKETING_VERSION = 1.0;
				PRODUCT_BUNDLE_IDENTIFIER = com.stiversmith.AplicationC;
				PRODUCT_NAME = "$(TARGET_NAME)";
				SWIFT_EMIT_LOC_STRINGS = YES;
				SWIFT_VERSION = 5.0;
				TARGETED_DEVICE_FAMILY = "1,2";
			};
			name = Release;
		};
/* End XCBuildConfiguration section */

/* Begin XCConfigurationList section */
		B8FB4A912ACE31C6007240C8 /* Build configuration list for PBXProject "AplicationC" */ = {
			isa = XCConfigurationList;
			buildConfigurations = (
				B8FB4AA82ACE31C7007240C8 /* Debug */,
				B8FB4AA92ACE31C7007240C8 /* Release */,
			);
			defaultConfigurationIsVisible = 0;
			defaultConfigurationName = Release;
		};
		B8FB4AAA2ACE31C7007240C8 /* Build configuration list for PBXNativeTarget "AplicationC" */ = {
			isa = XCConfigurationList;
			buildConfigurations = (
				B8FB4AAB2ACE31C7007240C8 /* Debug */,
				B8FB4AAC2ACE31C7007240C8 /* Release */,
			);
			defaultConfigurationIsVisible = 0;
			defaultConfigurationName = Release;
		};
/* End XCConfigurationList section */
	};
	rootObject = B8FB4A8E2ACE31C6007240C8 /* Project object */;
}
